{
  "name": "lolipop",
  "version": "1.3.10",
  "lockfileVersion": 2,
  "requires": true,
  "packages": {
    "": {
      "name": "lolipop",
      "version": "1.3.10",
      "license": "ISC",
      "dependencies": {
        "lolipop": "^1.0.8"
      }
    },
    "node_modules/lolipop": {
      "version": "1.0.8",
      "resolved": "https://registry.npmjs.org/lolipop/-/lolipop-1.0.8.tgz",
      "integrity": "sha512-b7RDg2dzE3XJerqNoyjZfXU0kTDwvYNn+2kEKHK7aSamZYUR7vKvP8nZ1Dqi4+0RH05sFHjEcyq8+fO9oOL1kg=="
    }
  },
  "dependencies": {
    "lolipop": {
      "version": "1.0.8",
      "resolved": "https://registry.npmjs.org/lolipop/-/lolipop-1.0.8.tgz",
      "integrity": "sha512-b7RDg2dzE3XJerqNoyjZfXU0kTDwvYNn+2kEKHK7aSamZYUR7vKvP8nZ1Dqi4+0RH05sFHjEcyq8+fO9oOL1kg=="
    }
  }
}
